
Microsoft Visual Studio Solution File, Format Version 12.00
# Visual Studio Version 16
VisualStudioVersion = 16.0.30011.22
MinimumVisualStudioVersion = 10.0.40219.1
Project("{FAE04EC0-301F-11D3-BF4B-00C04F79EFBC}") = "DayAtTheRaces", "DayAtTheRaces\DayAtTheRaces.csproj", "{57665D61-D537-44D1-A939-922E41FDB565}"
EndProject
Global
	GlobalSection(SolutionConfigurationPlatforms) = preSolution
		Debug|Any CPU = Debug|Any CPU
		Release|Any CPU = Release|Any CPU
	EndGlobalSection
	GlobalSection(ProjectConfigurationPlatforms) = postSolution
		{57665D61-D537-44D1-A939-922E41FDB565}.Debug|Any CPU.ActiveCfg = Debug|Any CPU
		{57665D61-D537-44D1-A939-922E41FDB565}.Debug|Any CPU.Build.0 = Debug|Any CPU
		{57665D61-D537-44D1-A939-922E41FDB565}.Release|Any CPU.ActiveCfg = Release|Any CPU
		{57665D61-D537-44D1-A939-922E41FDB565}.Release|Any CPU.Build.0 = Release|Any CPU
	EndGlobalSection
	GlobalSection(SolutionProperties) = preSolution
		HideSolutionNode = FALSE
	EndGlobalSection
	GlobalSection(ExtensibilityGlobals) = postSolution
		SolutionGuid = {62FD960D-616E-46BD-B0C2-B5187B4A06CD}
	EndGlobalSection
EndGlobal
